# THIS IS AN AUTOGENERATED FILE. DO NOT EDIT THIS FILE DIRECTLY.
# yarn lockfile v1


"@types/k6@^0.47.1":
  version "0.47.1"
  resolved "https://registry.yarnpkg.com/@types/k6/-/k6-0.47.1.tgz#01e355d9f28f3be247c27c010cd71c5794f7f8f5"
  integrity sha512-dQCSM3WT4f5MWCyyxmY/fO+BSYS217nvlvOhDvqg4lZGfzbAuS6pOG+UuwoH+3mLTChccEds+0Q0q7YWBbtgMQ==

typescript@^5.2.2:
  version "5.2.2"
  resolved "https://registry.yarnpkg.com/typescript/-/typescript-5.2.2.tgz#5ebb5e5a5b75f085f22bc3f8460fba308310fa78"
  integrity sha512-mI4WrpHsbCIcwT9cF4FZvr80QUeKvsUsUvKDoR+X/7XHQH98xYD8YHZg7ANtz2GtZt/CBq2QJ0thkGJMHfqc1w==
